
Microsoft Visual Studio Solution File, Format Version 12.00
# Visual Studio Version 16
VisualStudioVersion = 16.0.30717.126
MinimumVisualStudioVersion = 10.0.40219.1
Project("{9A19103F-16F7-4668-BE54-9A1E7A4F7556}") = "cody", "cody.csproj", "{EEB920FD-7AA7-4DFD-86E0-C92A02E49C3B}"
EndProject
Global
	GlobalSection(SolutionConfigurationPlatforms) = preSolution
		Debug|Any CPU = Debug|Any CPU
		Release|Any CPU = Release|Any CPU
	EndGlobalSection
	GlobalSection(ProjectConfigurationPlatforms) = postSolution
		{EEB920FD-7AA7-4DFD-86E0-C92A02E49C3B}.Debug|Any CPU.ActiveCfg = Debug|Any CPU
		{EEB920FD-7AA7-4DFD-86E0-C92A02E49C3B}.Debug|Any CPU.Build.0 = Debug|Any CPU
		{EEB920FD-7AA7-4DFD-86E0-C92A02E49C3B}.Release|Any CPU.ActiveCfg = Release|Any CPU
		{EEB920FD-7AA7-4DFD-86E0-C92A02E49C3B}.Release|Any CPU.Build.0 = Release|Any CPU
	EndGlobalSection
	GlobalSection(SolutionProperties) = preSolution
		HideSolutionNode = FALSE
	EndGlobalSection
	GlobalSection(ExtensibilityGlobals) = postSolution
		SolutionGuid = {4E419522-2230-492A-BA20-01D7AF1ECA79}
	EndGlobalSection
EndGlobal
